
Microsoft Visual Studio Solution File, Format Version 12.00
# Visual Studio Version 17
VisualStudioVersion = 17.1.32210.238
MinimumVisualStudioVersion = 10.0.40219.1
Project("{FAE04EC0-301F-11D3-BF4B-00C04F79EFBC}") = "CRUDOperacionesSP", "CRUDOperacionesSP\CRUDOperacionesSP.csproj", "{1AC13654-6784-414A-A0DD-3AF14AC35EB2}"
EndProject
Global
	GlobalSection(SolutionConfigurationPlatforms) = preSolution
		Debug|Any CPU = Debug|Any CPU
		Release|Any CPU = Release|Any CPU
	EndGlobalSection
	GlobalSection(ProjectConfigurationPlatforms) = postSolution
		{1AC13654-6784-414A-A0DD-3AF14AC35EB2}.Debug|Any CPU.ActiveCfg = Debug|Any CPU
		{1AC13654-6784-414A-A0DD-3AF14AC35EB2}.Debug|Any CPU.Build.0 = Debug|Any CPU
		{1AC13654-6784-414A-A0DD-3AF14AC35EB2}.Release|Any CPU.ActiveCfg = Release|Any CPU
		{1AC13654-6784-414A-A0DD-3AF14AC35EB2}.Release|Any CPU.Build.0 = Release|Any CPU
	EndGlobalSection
	GlobalSection(SolutionProperties) = preSolution
		HideSolutionNode = FALSE
	EndGlobalSection
	GlobalSection(ExtensibilityGlobals) = postSolution
		SolutionGuid = {0B1E7CA3-9AD9-4FA3-A6F3-BF1F6E134BB7}
	EndGlobalSection
EndGlobal
